// !$*UTF8*$!
{
	archiveVersion = 1;
	classes = {
	};
	objectVersion = 56;
	objects = {

/* Begin PBXBuildFile section */
		DB9C974829CB74F9001D3823 /* JuicedUpApp.swift in Sources */ = {isa = PBXBuildFile; fileRef = DB9C974729CB74F9001D3823 /* JuicedUpApp.swift */; };
		DB9C974A29CB74F9001D3823 /* ContentView.swift in Sources */ = {isa = PBXBuildFile; fileRef = DB9C974929CB74F9001D3823 /* ContentView.swift */; };
		DB9C974C29CB74FB001D3823 /* Assets.xcassets in Resources */ = {isa = PBXBuildFile; fileRef = DB9C974B29CB74FB001D3823 /* Assets.xcassets */; };
		DB9C974F29CB74FB001D3823 /* Preview Assets.xcassets in Resources */ = {isa = PBXBuildFile; fileRef = DB9C974E29CB74FB001D3823 /* Preview Assets.xcassets */; };
		DB9C975129CB74FB001D3823 /* Persistence.swift in Sources */ = {isa = PBXBuildFile; fileRef = DB9C975029CB74FB001D3823 /* Persistence.swift */; };
		DB9C975429CB74FB001D3823 /* JuicedUp.xcdatamodeld in Sources */ = {isa = PBXBuildFile; fileRef = DB9C975229CB74FB001D3823 /* JuicedUp.xcdatamodeld */; };
		DB9C975E29CB74FB001D3823 /* JuicedUpTests.swift in Sources */ = {isa = PBXBuildFile; fileRef = DB9C975D29CB74FB001D3823 /* JuicedUpTests.swift */; };
		DB9C976829CB74FB001D3823 /* JuicedUpUITests.swift in Sources */ = {isa = PBXBuildFile; fileRef = DB9C976729CB74FB001D3823 /* JuicedUpUITests.swift */; };
		DB9C976A29CB74FB001D3823 /* JuicedUpUITestsLaunchTests.swift in Sources */ = {isa = PBXBuildFile; fileRef = DB9C976929CB74FB001D3823 /* JuicedUpUITestsLaunchTests.swift */; };
/* End PBXBuildFile section */

/* Begin PBXContainerItemProxy section */
		DB9C975A29CB74FB001D3823 /* PBXContainerItemProxy */ = {
			isa = PBXContainerItemProxy;
			containerPortal = DB9C973C29CB74F9001D3823 /* Project object */;
			proxyType = 1;
			remoteGlobalIDString = DB9C974329CB74F9001D3823;
			remoteInfo = JuicedUp;
		};
		DB9C976429CB74FB001D3823 /* PBXContainerItemProxy */ = {
			isa = PBXContainerItemProxy;
			containerPortal = DB9C973C29CB74F9001D3823 /* Project object */;
			proxyType = 1;
			remoteGlobalIDString = DB9C974329CB74F9001D3823;
			remoteInfo = JuicedUp;
		};
/* End PBXContainerItemProxy section */

/* Begin PBXFileReference section */
		DB9C974429CB74F9001D3823 /* JuicedUp.app */ = {isa = PBXFileReference; explicitFileType = wrapper.application; includeInIndex = 0; path = JuicedUp.app; sourceTree = BUILT_PRODUCTS_DIR; };
		DB9C974729CB74F9001D3823 /* JuicedUpApp.swift */ = {isa = PBXFileReference; lastKnownFileType = sourcecode.swift; path = JuicedUpApp.swift; sourceTree = "<group>"; };
		DB9C974929CB74F9001D3823 /* ContentView.swift */ = {isa = PBXFileReference; lastKnownFileType = sourcecode.swift; path = ContentView.swift; sourceTree = "<group>"; };
		DB9C974B29CB74FB001D3823 /* Assets.xcassets */ = {isa = PBXFileReference; lastKnownFileType = folder.assetcatalog; path = Assets.xcassets; sourceTree = "<group>"; };
		DB9C974E29CB74FB001D3823 /* Preview Assets.xcassets */ = {isa = PBXFileReference; lastKnownFileType = folder.assetcatalog; path = "Preview Assets.xcassets"; sourceTree = "<group>"; };
		DB9C975029CB74FB001D3823 /* Persistence.swift */ = {isa = PBXFileReference; lastKnownFileType = sourcecode.swift; path = Persistence.swift; sourceTree = "<group>"; };
		DB9C975329CB74FB001D3823 /* JuicedUp.xcdatamodel */ = {isa = PBXFileReference; lastKnownFileType = wrapper.xcdatamodel; path = JuicedUp.xcdatamodel; sourceTree = "<group>"; };
		DB9C975929CB74FB001D3823 /* JuicedUpTests.xctest */ = {isa = PBXFileReference; explicitFileType = wrapper.cfbundle; includeInIndex = 0; path = JuicedUpTests.xctest; sourceTree = BUILT_PRODUCTS_DIR; };
		DB9C975D29CB74FB001D3823 /* JuicedUpTests.swift */ = {isa = PBXFileReference; lastKnownFileType = sourcecode.swift; path = JuicedUpTests.swift; sourceTree = "<group>"; };
		DB9C976329CB74FB001D3823 /* JuicedUpUITests.xctest */ = {isa = PBXFileReference; explicitFileType = wrapper.cfbundle; includeInIndex = 0; path = JuicedUpUITests.xctest; sourceTree = BUILT_PRODUCTS_DIR; };
		DB9C976729CB74FB001D3823 /* JuicedUpUITests.swift */ = {isa = PBXFileReference; lastKnownFileType = sourcecode.swift; path = JuicedUpUITests.swift; sourceTree = "<group>"; };
		DB9C976929CB74FB001D3823 /* JuicedUpUITestsLaunchTests.swift */ = {isa = PBXFileReference; lastKnownFileType = sourcecode.swift; path = JuicedUpUITestsLaunchTests.swift; sourceTree = "<group>"; };
/* End PBXFileReference section */

/* Begin PBXFrameworksBuildPhase section */
		DB9C974129CB74F9001D3823 /* Frameworks */ = {
			isa = PBXFrameworksBuildPhase;
			buildActionMask = 2147483647;
			files = (
			);
			runOnlyForDeploymentPostprocessing = 0;
		};
		DB9C975629CB74FB001D3823 /* Frameworks */ = {
			isa = PBXFrameworksBuildPhase;
			buildActionMask = 2147483647;
			files = (
			);
			runOnlyForDeploymentPostprocessing = 0;
		};
		DB9C976029CB74FB001D3823 /* Frameworks */ = {
			isa = PBXFrameworksBuildPhase;
			buildActionMask = 2147483647;
			files = (
			);
			runOnlyForDeploymentPostprocessing = 0;
		};
/* End PBXFrameworksBuildPhase section */

/* Begin PBXGroup section */
		DB9C973B29CB74F9001D3823 = {
			isa = PBXGroup;
			children = (
				DB9C974629CB74F9001D3823 /* JuicedUp */,
				DB9C975C29CB74FB001D3823 /* JuicedUpTests */,
				DB9C976629CB74FB001D3823 /* JuicedUpUITests */,
				DB9C974529CB74F9001D3823 /* Products */,
			);
			sourceTree = "<group>";
		};
		DB9C974529CB74F9001D3823 /* Products */ = {
			isa = PBXGroup;
			children = (
				DB9C974429CB74F9001D3823 /* JuicedUp.app */,
				DB9C975929CB74FB001D3823 /* JuicedUpTests.xctest */,
				DB9C976329CB74FB001D3823 /* JuicedUpUITests.xctest */,
			);
			name = Products;
			sourceTree = "<group>";
		};
		DB9C974629CB74F9001D3823 /* JuicedUp */ = {
			isa = PBXGroup;
			children = (
				DB9C974729CB74F9001D3823 /* JuicedUpApp.swift */,
				DB9C974929CB74F9001D3823 /* ContentView.swift */,
				DB9C974B29CB74FB001D3823 /* Assets.xcassets */,
				DB9C975029CB74FB001D3823 /* Persistence.swift */,
				DB9C975229CB74FB001D3823 /* JuicedUp.xcdatamodeld */,
				DB9C974D29CB74FB001D3823 /* Preview Content */,
			);
			path = JuicedUp;
			sourceTree = "<group>";
		};
		DB9C974D29CB74FB001D3823 /* Preview Content */ = {
			isa = PBXGroup;
			children = (
				DB9C974E29CB74FB001D3823 /* Preview Assets.xcassets */,
			);
			path = "Preview Content";
			sourceTree = "<group>";
		};
		DB9C975C29CB74FB001D3823 /* JuicedUpTests */ = {
			isa = PBXGroup;
			children = (
				DB9C975D29CB74FB001D3823 /* JuicedUpTests.swift */,
			);
			path = JuicedUpTests;
			sourceTree = "<group>";
		};
		DB9C976629CB74FB001D3823 /* JuicedUpUITests */ = {
			isa = PBXGroup;
			children = (
				DB9C976729CB74FB001D3823 /* JuicedUpUITests.swift */,
				DB9C976929CB74FB001D3823 /* JuicedUpUITestsLaunchTests.swift */,
			);
			path = JuicedUpUITests;
			sourceTree = "<group>";
		};
/* End PBXGroup section */

/* Begin PBXNativeTarget section */
		DB9C974329CB74F9001D3823 /* JuicedUp */ = {
			isa = PBXNativeTarget;
			buildConfigurationList = DB9C976D29CB74FB001D3823 /* Build configuration list for PBXNativeTarget "JuicedUp" */;
			buildPhases = (
				DB9C974029CB74F9001D3823 /* Sources */,
				DB9C974129CB74F9001D3823 /* Frameworks */,
				DB9C974229CB74F9001D3823 /* Resources */,
			);
			buildRules = (
			);
			dependencies = (
			);
			name = JuicedUp;
			productName = JuicedUp;
			productReference = DB9C974429CB74F9001D3823 /* JuicedUp.app */;
			productType = "com.apple.product-type.application";
		};
		DB9C975829CB74FB001D3823 /* JuicedUpTests */ = {
			isa = PBXNativeTarget;
			buildConfigurationList = DB9C977029CB74FB001D3823 /* Build configuration list for PBXNativeTarget "JuicedUpTests" */;
			buildPhases = (
				DB9C975529CB74FB001D3823 /* Sources */,
				DB9C975629CB74FB001D3823 /* Frameworks */,
				DB9C975729CB74FB001D3823 /* Resources */,
			);
			buildRules = (
			);
			dependencies = (
				DB9C975B29CB74FB001D3823 /* PBXTargetDependency */,
			);
			name = JuicedUpTests;
			productName = JuicedUpTests;
			productReference = DB9C975929CB74FB001D3823 /* JuicedUpTests.xctest */;
			productType = "com.apple.product-type.bundle.unit-test";
		};
		DB9C976229CB74FB001D3823 /* JuicedUpUITests */ = {
			isa = PBXNativeTarget;
			buildConfigurationList = DB9C977329CB74FB001D3823 /* Build configuration list for PBXNativeTarget "JuicedUpUITests" */;
			buildPhases = (
				DB9C975F29CB74FB001D3823 /* Sources */,
				DB9C976029CB74FB001D3823 /* Frameworks */,
				DB9C976129CB74FB001D3823 /* Resources */,
			);
			buildRules = (
			);
			dependencies = (
				DB9C976529CB74FB001D3823 /* PBXTargetDependency */,
			);
			name = JuicedUpUITests;
			productName = JuicedUpUITests;
			productReference = DB9C976329CB74FB001D3823 /* JuicedUpUITests.xctest */;
			productType = "com.apple.product-type.bundle.ui-testing";
		};
/* End PBXNativeTarget section */

/* Begin PBXProject section */
		DB9C973C29CB74F9001D3823 /* Project object */ = {
			isa = PBXProject;
			attributes = {
				BuildIndependentTargetsInParallel = 1;
				LastSwiftUpdateCheck = 1420;
				LastUpgradeCheck = 1420;
				TargetAttributes = {
					DB9C974329CB74F9001D3823 = {
						CreatedOnToolsVersion = 14.2;
					};
					DB9C975829CB74FB001D3823 = {
						CreatedOnToolsVersion = 14.2;
						TestTargetID = DB9C974329CB74F9001D3823;
					};
					DB9C976229CB74FB001D3823 = {
						CreatedOnToolsVersion = 14.2;
						TestTargetID = DB9C974329CB74F9001D3823;
					};
				};
			};
			buildConfigurationList = DB9C973F29CB74F9001D3823 /* Build configuration list for PBXProject "JuicedUp" */;
			compatibilityVersion = "Xcode 14.0";
			developmentRegion = en;
			hasScannedForEncodings = 0;
			knownRegions = (
				en,
				Base,
			);
			mainGroup = DB9C973B29CB74F9001D3823;
			productRefGroup = DB9C974529CB74F9001D3823 /* Products */;
			projectDirPath = "";
			projectRoot = "";
			targets = (
				DB9C974329CB74F9001D3823 /* JuicedUp */,
				DB9C975829CB74FB001D3823 /* JuicedUpTests */,
				DB9C976229CB74FB001D3823 /* JuicedUpUITests */,
			);
		};
/* End PBXProject section */

/* Begin PBXResourcesBuildPhase section */
		DB9C974229CB74F9001D3823 /* Resources */ = {
			isa = PBXResourcesBuildPhase;
			buildActionMask = 2147483647;
			files = (
				DB9C974F29CB74FB001D3823 /* Preview Assets.xcassets in Resources */,
				DB9C974C29CB74FB001D3823 /* Assets.xcassets in Resources */,
			);
			runOnlyForDeploymentPostprocessing = 0;
		};
		DB9C975729CB74FB001D3823 /* Resources */ = {
			isa = PBXResourcesBuildPhase;
			buildActionMask = 2147483647;
			files = (
			);
			runOnlyForDeploymentPostprocessing = 0;
		};
		DB9C976129CB74FB001D3823 /* Resources */ = {
			isa = PBXResourcesBuildPhase;
			buildActionMask = 2147483647;
			files = (
			);
			runOnlyForDeploymentPostprocessing = 0;
		};
/* End PBXResourcesBuildPhase section */

/* Begin PBXSourcesBuildPhase section */
		DB9C974029CB74F9001D3823 /* Sources */ = {
			isa = PBXSourcesBuildPhase;
			buildActionMask = 2147483647;
			files = (
				DB9C975129CB74FB001D3823 /* Persistence.swift in Sources */,
				DB9C974A29CB74F9001D3823 /* ContentView.swift in Sources */,
				DB9C975429CB74FB001D3823 /* JuicedUp.xcdatamodeld in Sources */,
				DB9C974829CB74F9001D3823 /* JuicedUpApp.swift in Sources */,
			);
			runOnlyForDeploymentPostprocessing = 0;
		};
		DB9C975529CB74FB001D3823 /* Sources */ = {
			isa = PBXSourcesBuildPhase;
			buildActionMask = 2147483647;
			files = (
				DB9C975E29CB74FB001D3823 /* JuicedUpTests.swift in Sources */,
			);
			runOnlyForDeploymentPostprocessing = 0;
		};
		DB9C975F29CB74FB001D3823 /* Sources */ = {
			isa = PBXSourcesBuildPhase;
			buildActionMask = 2147483647;
			files = (
				DB9C976A29CB74FB001D3823 /* JuicedUpUITestsLaunchTests.swift in Sources */,
				DB9C976829CB74FB001D3823 /* JuicedUpUITests.swift in Sources */,
			);
			runOnlyForDeploymentPostprocessing = 0;
		};
/* End PBXSourcesBuildPhase section */

/* Begin PBXTargetDependency section */
		DB9C975B29CB74FB001D3823 /* PBXTargetDependency */ = {
			isa = PBXTargetDependency;
			target = DB9C974329CB74F9001D3823 /* JuicedUp */;
			targetProxy = DB9C975A29CB74FB001D3823 /* PBXContainerItemProxy */;
		};
		DB9C976529CB74FB001D3823 /* PBXTargetDependency */ = {
			isa = PBXTargetDependency;
			target = DB9C974329CB74F9001D3823 /* JuicedUp */;
			targetProxy = DB9C976429CB74FB001D3823 /* PBXContainerItemProxy */;
		};
/* End PBXTargetDependency section */

/* Begin XCBuildConfiguration section */
		DB9C976B29CB74FB001D3823 /* Debug */ = {
			isa = XCBuildConfiguration;
			buildSettings = {
				ALWAYS_SEARCH_USER_PATHS = NO;
				CLANG_ANALYZER_NONNULL = YES;
				CLANG_ANALYZER_NUMBER_OBJECT_CONVERSION = YES_AGGRESSIVE;
				CLANG_CXX_LANGUAGE_STANDARD = "gnu++20";
				CLANG_ENABLE_MODULES = YES;
				CLANG_ENABLE_OBJC_ARC = YES;
				CLANG_ENABLE_OBJC_WEAK = YES;
				CLANG_WARN_BLOCK_CAPTURE_AUTORELEASING = YES;
				CLANG_WARN_BOOL_CONVERSION = YES;
				CLANG_WARN_COMMA = YES;
				CLANG_WARN_CONSTANT_CONVERSION = YES;
				CLANG_WARN_DEPRECATED_OBJC_IMPLEMENTATIONS = YES;
				CLANG_WARN_DIRECT_OBJC_ISA_USAGE = YES_ERROR;
				CLANG_WARN_DOCUMENTATION_COMMENTS = YES;
				CLANG_WARN_EMPTY_BODY = YES;
				CLANG_WARN_ENUM_CONVERSION = YES;
				CLANG_WARN_INFINITE_RECURSION = YES;
				CLANG_WARN_INT_CONVERSION = YES;
				CLANG_WARN_NON_LITERAL_NULL_CONVERSION = YES;
				CLANG_WARN_OBJC_IMPLICIT_RETAIN_SELF = YES;
				CLANG_WARN_OBJC_LITERAL_CONVERSION = YES;
				CLANG_WARN_OBJC_ROOT_CLASS = YES_ERROR;
				CLANG_WARN_QUOTED_INCLUDE_IN_FRAMEWORK_HEADER = YES;
				CLANG_WARN_RANGE_LOOP_ANALYSIS = YES;
				CLANG_WARN_STRICT_PROTOTYPES = YES;
				CLANG_WARN_SUSPICIOUS_MOVE = YES;
				CLANG_WARN_UNGUARDED_AVAILABILITY = YES_AGGRESSIVE;
				CLANG_WARN_UNREACHABLE_CODE = YES;
				CLANG_WARN__DUPLICATE_METHOD_MATCH = YES;
				COPY_PHASE_STRIP = NO;
				DEBUG_INFORMATION_FORMAT = dwarf;
				ENABLE_STRICT_OBJC_MSGSEND = YES;
				ENABLE_TESTABILITY = YES;
				GCC_C_LANGUAGE_STANDARD = gnu11;
				GCC_DYNAMIC_NO_PIC = NO;
				GCC_NO_COMMON_BLOCKS = YES;
				GCC_OPTIMIZATION_LEVEL = 0;
				GCC_PREPROCESSOR_DEFINITIONS = (
					"DEBUG=1",
					"$(inherited)",
				);
				GCC_WARN_64_TO_32_BIT_CONVERSION = YES;
				GCC_WARN_ABOUT_RETURN_TYPE = YES_ERROR;
				GCC_WARN_UNDECLARED_SELECTOR = YES;
				GCC_WARN_UNINITIALIZED_AUTOS = YES_AGGRESSIVE;
				GCC_WARN_UNUSED_FUNCTION = YES;
				GCC_WARN_UNUSED_VARIABLE = YES;
				IPHONEOS_DEPLOYMENT_TARGET = 16.2;
				MTL_ENABLE_DEBUG_INFO = INCLUDE_SOURCE;
				MTL_FAST_MATH = YES;
				ONLY_ACTIVE_ARCH = YES;
				SDKROOT = iphoneos;
				SWIFT_ACTIVE_COMPILATION_CONDITIONS = DEBUG;
				SWIFT_OPTIMIZATION_LEVEL = "-Onone";
			};
			name = Debug;
		};
		DB9C976C29CB74FB001D3823 /* Release */ = {
			isa = XCBuildConfiguration;
			buildSettings = {
				ALWAYS_SEARCH_USER_PATHS = NO;
				CLANG_ANALYZER_NONNULL = YES;
				CLANG_ANALYZER_NUMBER_OBJECT_CONVERSION = YES_AGGRESSIVE;
				CLANG_CXX_LANGUAGE_STANDARD = "gnu++20";
				CLANG_ENABLE_MODULES = YES;
				CLANG_ENABLE_OBJC_ARC = YES;
				CLANG_ENABLE_OBJC_WEAK = YES;
				CLANG_WARN_BLOCK_CAPTURE_AUTORELEASING = YES;
				CLANG_WARN_BOOL_CONVERSION = YES;
				CLANG_WARN_COMMA = YES;
				CLANG_WARN_CONSTANT_CONVERSION = YES;
				CLANG_WARN_DEPRECATED_OBJC_IMPLEMENTATIONS = YES;
				CLANG_WARN_DIRECT_OBJC_ISA_USAGE = YES_ERROR;
				CLANG_WARN_DOCUMENTATION_COMMENTS = YES;
				CLANG_WARN_EMPTY_BODY = YES;
				CLANG_WARN_ENUM_CONVERSION = YES;
				CLANG_WARN_INFINITE_RECURSION = YES;
				CLANG_WARN_INT_CONVERSION = YES;
				CLANG_WARN_NON_LITERAL_NULL_CONVERSION = YES;
				CLANG_WARN_OBJC_IMPLICIT_RETAIN_SELF = YES;
				CLANG_WARN_OBJC_LITERAL_CONVERSION = YES;
				CLANG_WARN_OBJC_ROOT_CLASS = YES_ERROR;
				CLANG_WARN_QUOTED_INCLUDE_IN_FRAMEWORK_HEADER = YES;
				CLANG_WARN_RANGE_LOOP_ANALYSIS = YES;
				CLANG_WARN_STRICT_PROTOTYPES = YES;
				CLANG_WARN_SUSPICIOUS_MOVE = YES;
				CLANG_WARN_UNGUARDED_AVAILABILITY = YES_AGGRESSIVE;
				CLANG_WARN_UNREACHABLE_CODE = YES;
				CLANG_WARN__DUPLICATE_METHOD_MATCH = YES;
				COPY_PHASE_STRIP = NO;
				DEBUG_INFORMATION_FORMAT = "dwarf-with-dsym";
				ENABLE_NS_ASSERTIONS = NO;
				ENABLE_STRICT_OBJC_MSGSEND = YES;
				GCC_C_LANGUAGE_STANDARD = gnu11;
				GCC_NO_COMMON_BLOCKS = YES;
				GCC_WARN_64_TO_32_BIT_CONVERSION = YES;
				GCC_WARN_ABOUT_RETURN_TYPE = YES_ERROR;
				GCC_WARN_UNDECLARED_SELECTOR = YES;
				GCC_WARN_UNINITIALIZED_AUTOS = YES_AGGRESSIVE;
				GCC_WARN_UNUSED_FUNCTION = YES;
				GCC_WARN_UNUSED_VARIABLE = YES;
				IPHONEOS_DEPLOYMENT_TARGET = 16.2;
				MTL_ENABLE_DEBUG_INFO = NO;
				MTL_FAST_MATH = YES;
				SDKROOT = iphoneos;
				SWIFT_COMPILATION_MODE = wholemodule;
				SWIFT_OPTIMIZATION_LEVEL = "-O";
				VALIDATE_PRODUCT = YES;
			};
			name = Release;
		};
		DB9C976E29CB74FB001D3823 /* Debug */ = {
			isa = XCBuildConfiguration;
			buildSettings = {
				ASSETCATALOG_COMPILER_APPICON_NAME = AppIcon;
				ASSETCATALOG_COMPILER_GLOBAL_ACCENT_COLOR_NAME = AccentColor;
				CODE_SIGN_STYLE = Automatic;
				CURRENT_PROJECT_VERSION = 1;
				DEVELOPMENT_ASSET_PATHS = "\"JuicedUp/Preview Content\"";
				DEVELOPMENT_TEAM = A8XBB6L7BC;
				ENABLE_PREVIEWS = YES;
				GENERATE_INFOPLIST_FILE = YES;
				INFOPLIST_KEY_UIApplicationSceneManifest_Generation = YES;
				INFOPLIST_KEY_UIApplicationSupportsIndirectInputEvents = YES;
				INFOPLIST_KEY_UILaunchScreen_Generation = YES;
				INFOPLIST_KEY_UISupportedInterfaceOrientations_iPad = "UIInterfaceOrientationPortrait UIInterfaceOrientationPortraitUpsideDown UIInterfaceOrientationLandscapeLeft UIInterfaceOrientationLandscapeRight";
				INFOPLIST_KEY_UISupportedInterfaceOrientations_iPhone = "UIInterfaceOrientationPortrait UIInterfaceOrientationLandscapeLeft UIInterfaceOrientationLandscapeRight";
				LD_RUNPATH_SEARCH_PATHS = (
					"$(inherited)",
					"@executable_path/Frameworks",
				);
				MARKETING_VERSION = 1.0;
				PRODUCT_BUNDLE_IDENTIFIER = com.richardcrichlow.JuicedUp;
				PRODUCT_NAME = "$(TARGET_NAME)";
				SWIFT_EMIT_LOC_STRINGS = YES;
				SWIFT_VERSION = 5.0;
				TARGETED_DEVICE_FAMILY = "1,2";
			};
			name = Debug;
		};
		DB9C976F29CB74FB001D3823 /* Release */ = {
			isa = XCBuildConfiguration;
			buildSettings = {
				ASSETCATALOG_COMPILER_APPICON_NAME = AppIcon;
				ASSETCATALOG_COMPILER_GLOBAL_ACCENT_COLOR_NAME = AccentColor;
				CODE_SIGN_STYLE = Automatic;
				CURRENT_PROJECT_VERSION = 1;
				DEVELOPMENT_ASSET_PATHS = "\"JuicedUp/Preview Content\"";
				DEVELOPMENT_TEAM = A8XBB6L7BC;
				ENABLE_PREVIEWS = YES;
				GENERATE_INFOPLIST_FILE = YES;
				INFOPLIST_KEY_UIApplicationSceneManifest_Generation = YES;
				INFOPLIST_KEY_UIApplicationSupportsIndirectInputEvents = YES;
				INFOPLIST_KEY_UILaunchScreen_Generation = YES;
				INFOPLIST_KEY_UISupportedInterfaceOrientations_iPad = "UIInterfaceOrientationPortrait UIInterfaceOrientationPortraitUpsideDown UIInterfaceOrientationLandscapeLeft UIInterfaceOrientationLandscapeRight";
				INFOPLIST_KEY_UISupportedInterfaceOrientations_iPhone = "UIInterfaceOrientationPortrait UIInterfaceOrientationLandscapeLeft UIInterfaceOrientationLandscapeRight";
				LD_RUNPATH_SEARCH_PATHS = (
					"$(inherited)",
					"@executable_path/Frameworks",
				);
				MARKETING_VERSION = 1.0;
				PRODUCT_BUNDLE_IDENTIFIER = com.richardcrichlow.JuicedUp;
				PRODUCT_NAME = "$(TARGET_NAME)";
				SWIFT_EMIT_LOC_STRINGS = YES;
				SWIFT_VERSION = 5.0;
				TARGETED_DEVICE_FAMILY = "1,2";
			};
			name = Release;
		};
		DB9C977129CB74FB001D3823 /* Debug */ = {
			isa = XCBuildConfiguration;
			buildSettings = {
				ALWAYS_EMBED_SWIFT_STANDARD_LIBRARIES = YES;
				BUNDLE_LOADER = "$(TEST_HOST)";
				CODE_SIGN_STYLE = Automatic;
				CURRENT_PROJECT_VERSION = 1;
				DEVELOPMENT_TEAM = A8XBB6L7BC;
				GENERATE_INFOPLIST_FILE = YES;
				IPHONEOS_DEPLOYMENT_TARGET = 16.2;
				MARKETING_VERSION = 1.0;
				PRODUCT_BUNDLE_IDENTIFIER = com.richardcrichlow.JuicedUpTests;
				PRODUCT_NAME = "$(TARGET_NAME)";
				SWIFT_EMIT_LOC_STRINGS = NO;
				SWIFT_VERSION = 5.0;
				TARGETED_DEVICE_FAMILY = "1,2";
				TEST_HOST = "$(BUILT_PRODUCTS_DIR)/JuicedUp.app/$(BUNDLE_EXECUTABLE_FOLDER_PATH)/JuicedUp";
			};
			name = Debug;
		};
		DB9C977229CB74FB001D3823 /* Release */ = {
			isa = XCBuildConfiguration;
			buildSettings = {
				ALWAYS_EMBED_SWIFT_STANDARD_LIBRARIES = YES;
				BUNDLE_LOADER = "$(TEST_HOST)";
				CODE_SIGN_STYLE = Automatic;
				CURRENT_PROJECT_VERSION = 1;
				DEVELOPMENT_TEAM = A8XBB6L7BC;
				GENERATE_INFOPLIST_FILE = YES;
				IPHONEOS_DEPLOYMENT_TARGET = 16.2;
				MARKETING_VERSION = 1.0;
				PRODUCT_BUNDLE_IDENTIFIER = com.richardcrichlow.JuicedUpTests;
				PRODUCT_NAME = "$(TARGET_NAME)";
				SWIFT_EMIT_LOC_STRINGS = NO;
				SWIFT_VERSION = 5.0;
				TARGETED_DEVICE_FAMILY = "1,2";
				TEST_HOST = "$(BUILT_PRODUCTS_DIR)/JuicedUp.app/$(BUNDLE_EXECUTABLE_FOLDER_PATH)/JuicedUp";
			};
			name = Release;
		};
		DB9C977429CB74FB001D3823 /* Debug */ = {
			isa = XCBuildConfiguration;
			buildSettings = {
				ALWAYS_EMBED_SWIFT_STANDARD_LIBRARIES = YES;
				CODE_SIGN_STYLE = Automatic;
				CURRENT_PROJECT_VERSION = 1;
				DEVELOPMENT_TEAM = A8XBB6L7BC;
				GENERATE_INFOPLIST_FILE = YES;
				MARKETING_VERSION = 1.0;
				PRODUCT_BUNDLE_IDENTIFIER = com.richardcrichlow.JuicedUpUITests;
				PRODUCT_NAME = "$(TARGET_NAME)";
				SWIFT_EMIT_LOC_STRINGS = NO;
				SWIFT_VERSION = 5.0;
				TARGETED_DEVICE_FAMILY = "1,2";
				TEST_TARGET_NAME = JuicedUp;
			};
			name = Debug;
		};
		DB9C977529CB74FB001D3823 /* Release */ = {
			isa = XCBuildConfiguration;
			buildSettings = {
				ALWAYS_EMBED_SWIFT_STANDARD_LIBRARIES = YES;
				CODE_SIGN_STYLE = Automatic;
				CURRENT_PROJECT_VERSION = 1;
				DEVELOPMENT_TEAM = A8XBB6L7BC;
				GENERATE_INFOPLIST_FILE = YES;
				MARKETING_VERSION = 1.0;
				PRODUCT_BUNDLE_IDENTIFIER = com.richardcrichlow.JuicedUpUITests;
				PRODUCT_NAME = "$(TARGET_NAME)";
				SWIFT_EMIT_LOC_STRINGS = NO;
				SWIFT_VERSION = 5.0;
				TARGETED_DEVICE_FAMILY = "1,2";
				TEST_TARGET_NAME = JuicedUp;
			};
			name = Release;
		};
/* End XCBuildConfiguration section */

/* Begin XCConfigurationList section */
		DB9C973F29CB74F9001D3823 /* Build configuration list for PBXProject "JuicedUp" */ = {
			isa = XCConfigurationList;
			buildConfigurations = (
				DB9C976B29CB74FB001D3823 /* Debug */,
				DB9C976C29CB74FB001D3823 /* Release */,
			);
			defaultConfigurationIsVisible = 0;
			defaultConfigurationName = Release;
		};
		DB9C976D29CB74FB001D3823 /* Build configuration list for PBXNativeTarget "JuicedUp" */ = {
			isa = XCConfigurationList;
			buildConfigurations = (
				DB9C976E29CB74FB001D3823 /* Debug */,
				DB9C976F29CB74FB001D3823 /* Release */,
			);
			defaultConfigurationIsVisible = 0;
			defaultConfigurationName = Release;
		};
		DB9C977029CB74FB001D3823 /* Build configuration list for PBXNativeTarget "JuicedUpTests" */ = {
			isa = XCConfigurationList;
			buildConfigurations = (
				DB9C977129CB74FB001D3823 /* Debug */,
				DB9C977229CB74FB001D3823 /* Release */,
			);
			defaultConfigurationIsVisible = 0;
			defaultConfigurationName = Release;
		};
		DB9C977329CB74FB001D3823 /* Build configuration list for PBXNativeTarget "JuicedUpUITests" */ = {
			isa = XCConfigurationList;
			buildConfigurations = (
				DB9C977429CB74FB001D3823 /* Debug */,
				DB9C977529CB74FB001D3823 /* Release */,
			);
			defaultConfigurationIsVisible = 0;
			defaultConfigurationName = Release;
		};
/* End XCConfigurationList section */

/* Begin XCVersionGroup section */
		DB9C975229CB74FB001D3823 /* JuicedUp.xcdatamodeld */ = {
			isa = XCVersionGroup;
			children = (
				DB9C975329CB74FB001D3823 /* JuicedUp.xcdatamodel */,
			);
			currentVersion = DB9C975329CB74FB001D3823 /* JuicedUp.xcdatamodel */;
			path = JuicedUp.xcdatamodeld;
			sourceTree = "<group>";
			versionGroupType = wrapper.xcdatamodel;
		};
/* End XCVersionGroup section */
	};
	rootObject = DB9C973C29CB74F9001D3823 /* Project object */;
}
